lockfile_version: '1'
generated_at: '2026-06-07T02:40:38.147336+00:00'
apm_version: 0.12.1
dependencies:
- repo_url: yukimemi/renri
  host: github.com
  resolved_commit: 05495f7d8f0dd2534807a6c77186c4cf183885f1
  resolved_ref: main
  package_type: apm_package
  deployed_files:
  - .agents/skills/renri
  - .claude/skills/renri
  content_hash: sha256:8ac9660ed09c5fcc48e4855896466885f3c03b03c55763fda2df250819e2b065
